
Microsoft Visual Studio Solution File, Format Version 12.00
# Visual Studio Version 17
VisualStudioVersion = 17.0.31903.59
MinimumVisualStudioVersion = 10.0.40219.1
Project("{2150E333-8FDC-42A3-9474-1A3956D46DE8}") = "src", "src", "{827E0CD3-B72D-47B6-A68D-7590B98EB39B}"
EndProject
Project("{FAE04EC0-301F-11D3-BF4B-00C04F79EFBC}") = "MSCC.Core", "src\MSCC.Core\MSCC.Core.csproj", "{902227D1-AD37-4DA7-8A98-5E7286610480}"
EndProject
Project("{FAE04EC0-301F-11D3-BF4B-00C04F79EFBC}") = "MSCC.Wpf", "src\MSCC.Wpf\MSCC.Wpf.csproj", "{C17176D0-A7DB-4477-9DC5-CE78C6F33BC2}"
EndProject
Project("{FAE04EC0-301F-11D3-BF4B-00C04F79EFBC}") = "MSCC.Remote", "src\MSCC.Remote\MSCC.Remote.csproj", "{73DA34B2-0735-4A10-99EC-D82C58366724}"
EndProject
Global
	GlobalSection(SolutionConfigurationPlatforms) = preSolution
		Debug|Any CPU = Debug|Any CPU
		Debug|x64 = Debug|x64
		Debug|x86 = Debug|x86
		Release|Any CPU = Release|Any CPU
		Release|x64 = Release|x64
		Release|x86 = Release|x86
	EndGlobalSection
	GlobalSection(ProjectConfigurationPlatforms) = postSolution
		{902227D1-AD37-4DA7-8A98-5E7286610480}.Debug|Any CPU.ActiveCfg = Debug|Any CPU
		{902227D1-AD37-4DA7-8A98-5E7286610480}.Debug|Any CPU.Build.0 = Debug|Any CPU
		{902227D1-AD37-4DA7-8A98-5E7286610480}.Debug|x64.ActiveCfg = Debug|Any CPU
		{902227D1-AD37-4DA7-8A98-5E7286610480}.Debug|x64.Build.0 = Debug|Any CPU
		{902227D1-AD37-4DA7-8A98-5E7286610480}.Debug|x86.ActiveCfg = Debug|Any CPU
		{902227D1-AD37-4DA7-8A98-5E7286610480}.Debug|x86.Build.0 = Debug|Any CPU
		{902227D1-AD37-4DA7-8A98-5E7286610480}.Release|Any CPU.ActiveCfg = Release|Any CPU
		{902227D1-AD37-4DA7-8A98-5E7286610480}.Release|Any CPU.Build.0 = Release|Any CPU
		{902227D1-AD37-4DA7-8A98-5E7286610480}.Release|x64.ActiveCfg = Release|Any CPU
		{902227D1-AD37-4DA7-8A98-5E7286610480}.Release|x64.Build.0 = Release|Any CPU
		{902227D1-AD37-4DA7-8A98-5E7286610480}.Release|x86.ActiveCfg = Release|Any CPU
		{902227D1-AD37-4DA7-8A98-5E7286610480}.Release|x86.Build.0 = Release|Any CPU
		{C17176D0-A7DB-4477-9DC5-CE78C6F33BC2}.Debug|Any CPU.ActiveCfg = Debug|Any CPU
		{C17176D0-A7DB-4477-9DC5-CE78C6F33BC2}.Debug|Any CPU.Build.0 = Debug|Any CPU
		{C17176D0-A7DB-4477-9DC5-CE78C6F33BC2}.Debug|x64.ActiveCfg = Debug|Any CPU
		{C17176D0-A7DB-4477-9DC5-CE78C6F33BC2}.Debug|x64.Build.0 = Debug|Any CPU
		{C17176D0-A7DB-4477-9DC5-CE78C6F33BC2}.Debug|x86.ActiveCfg = Debug|Any CPU
		{C17176D0-A7DB-4477-9DC5-CE78C6F33BC2}.Debug|x86.Build.0 = Debug|Any CPU
		{C17176D0-A7DB-4477-9DC5-CE78C6F33BC2}.Release|Any CPU.ActiveCfg = Release|Any CPU
		{C17176D0-A7DB-4477-9DC5-CE78C6F33BC2}.Release|Any CPU.Build.0 = Release|Any CPU
		{C17176D0-A7DB-4477-9DC5-CE78C6F33BC2}.Release|x64.ActiveCfg = Release|Any CPU
		{C17176D0-A7DB-4477-9DC5-CE78C6F33BC2}.Release|x64.Build.0 = Release|Any CPU
		{C17176D0-A7DB-4477-9DC5-CE78C6F33BC2}.Release|x86.ActiveCfg = Release|Any CPU
		{C17176D0-A7DB-4477-9DC5-CE78C6F33BC2}.Release|x86.Build.0 = Release|Any CPU
		{73DA34B2-0735-4A10-99EC-D82C58366724}.Debug|Any CPU.ActiveCfg = Debug|Any CPU
		{73DA34B2-0735-4A10-99EC-D82C58366724}.Debug|Any CPU.Build.0 = Debug|Any CPU
		{73DA34B2-0735-4A10-99EC-D82C58366724}.Debug|x64.ActiveCfg = Debug|Any CPU
		{73DA34B2-0735-4A10-99EC-D82C58366724}.Debug|x64.Build.0 = Debug|Any CPU
		{73DA34B2-0735-4A10-99EC-D82C58366724}.Debug|x86.ActiveCfg = Debug|Any CPU
		{73DA34B2-0735-4A10-99EC-D82C58366724}.Debug|x86.Build.0 = Debug|Any CPU
		{73DA34B2-0735-4A10-99EC-D82C58366724}.Release|Any CPU.ActiveCfg = Release|Any CPU
		{73DA34B2-0735-4A10-99EC-D82C58366724}.Release|Any CPU.Build.0 = Release|Any CPU
		{73DA34B2-0735-4A10-99EC-D82C58366724}.Release|x64.ActiveCfg = Release|Any CPU
		{73DA34B2-0735-4A10-99EC-D82C58366724}.Release|x64.Build.0 = Release|Any CPU
		{73DA34B2-0735-4A10-99EC-D82C58366724}.Release|x86.ActiveCfg = Release|Any CPU
		{73DA34B2-0735-4A10-99EC-D82C58366724}.Release|x86.Build.0 = Release|Any CPU
	EndGlobalSection
	GlobalSection(SolutionProperties) = preSolution
		HideSolutionNode = FALSE
	EndGlobalSection
	GlobalSection(NestedProjects) = preSolution
		{902227D1-AD37-4DA7-8A98-5E7286610480} = {827E0CD3-B72D-47B6-A68D-7590B98EB39B}
		{C17176D0-A7DB-4477-9DC5-CE78C6F33BC2} = {827E0CD3-B72D-47B6-A68D-7590B98EB39B}
		{73DA34B2-0735-4A10-99EC-D82C58366724} = {827E0CD3-B72D-47B6-A68D-7590B98EB39B}
	EndGlobalSection
EndGlobal
